
Microsoft Visual Studio Solution File, Format Version 12.00
# Visual Studio Version 17
VisualStudioVersion = 17.2.32630.192
MinimumVisualStudioVersion = 10.0.40219.1
Project("{2150E333-8FDC-42A3-9474-1A3956D46DE8}") = "modules", "modules", "{366261CD-1050-4AEE-A000-8EADF33D06D5}"
EndProject
Project("{FAE04EC0-301F-11D3-BF4B-00C04F79EFBC}") = "demo", "demo\demo.csproj", "{D8E45877-A2C5-4CE2-A387-DD232CC02FEC}"
EndProject
Project("{FAE04EC0-301F-11D3-BF4B-00C04F79EFBC}") = "dotnet", "dotnet\dotnet.csproj", "{D512DA68-C7EC-4994-9DAC-B7BC6C161D2B}"
EndProject
Global
	GlobalSection(SolutionConfigurationPlatforms) = preSolution
		Debug|Any CPU = Debug|Any CPU
		Release|Any CPU = Release|Any CPU
	EndGlobalSection
	GlobalSection(ProjectConfigurationPlatforms) = postSolution
		{D8E45877-A2C5-4CE2-A387-DD232CC02FEC}.Debug|Any CPU.ActiveCfg = Debug|Any CPU
		{D8E45877-A2C5-4CE2-A387-DD232CC02FEC}.Debug|Any CPU.Build.0 = Debug|Any CPU
		{D8E45877-A2C5-4CE2-A387-DD232CC02FEC}.Release|Any CPU.ActiveCfg = Release|Any CPU
		{D8E45877-A2C5-4CE2-A387-DD232CC02FEC}.Release|Any CPU.Build.0 = Release|Any CPU
		{D512DA68-C7EC-4994-9DAC-B7BC6C161D2B}.Debug|Any CPU.ActiveCfg = Debug|Any CPU
		{D512DA68-C7EC-4994-9DAC-B7BC6C161D2B}.Debug|Any CPU.Build.0 = Debug|Any CPU
		{D512DA68-C7EC-4994-9DAC-B7BC6C161D2B}.Release|Any CPU.ActiveCfg = Release|Any CPU
		{D512DA68-C7EC-4994-9DAC-B7BC6C161D2B}.Release|Any CPU.Build.0 = Release|Any CPU
	EndGlobalSection
	GlobalSection(SolutionProperties) = preSolution
		HideSolutionNode = FALSE
	EndGlobalSection
	GlobalSection(NestedProjects) = preSolution
		{D8E45877-A2C5-4CE2-A387-DD232CC02FEC} = {366261CD-1050-4AEE-A000-8EADF33D06D5}
	EndGlobalSection
	GlobalSection(ExtensibilityGlobals) = postSolution
		SolutionGuid = {E4340DA8-2B6A-4A06-9C32-513199150E1E}
	EndGlobalSection
EndGlobal
